<?xml version="1.0" encoding="UTF-8" standalone="yes" ?>
<CodeBlocks_project_file>
	<FileVersion major="1" minor="6" />
	<Project>
		<Option title="example-basicInput" />
		<Option makefile_is_custom="1" />
		<Option pch_mode="2" />
		<Option compiler="gcc" />
		<Option virtualFolders="addons/;src/;build config/;" />
		<Build>
			<Target title="Debug">
				<Option output="bin/$(PROJECT_NAME)_debug" prefix_auto="1" extension_auto="1" />
				<Option working_dir="bin" />
				<Option object_output="obj/Debug/" />
				<Option external_deps="../../../libs/openFrameworksCompiled/lib/linux64/libopenFrameworksDebug.a;" />
				<Option type="1" />
				<Option compiler="gcc" />
				<Option projectLinkerOptionsRelation="2" />
			</Target>
			<Target title="Release">
				<Option output="bin/$(PROJECT_NAME)" prefix_auto="1" extension_auto="1" />
				<Option working_dir="bin" />
				<Option object_output="obj/Release/" />
				<Option external_deps="../../../libs/openFrameworksCompiled/lib/linux64/libopenFrameworks.a;" />
				<Option type="1" />
				<Option compiler="gcc" />
				<Option projectLinkerOptionsRelation="2" />
			</Target>
		</Build>
		<Unit filename="../../../libs/openFrameworks/3d/of3dPrimitives.cpp" />
		<Unit filename="../../../libs/openFrameworks/3d/of3dPrimitives.h" />
		<Unit filename="../../../libs/openFrameworks/3d/of3dUtils.cpp" />
		<Unit filename="../../../libs/openFrameworks/3d/of3dUtils.h" />
		<Unit filename="../../../libs/openFrameworks/3d/ofCamera.cpp" />
		<Unit filename="../../../libs/openFrameworks/3d/ofCamera.h" />
		<Unit filename="../../../libs/openFrameworks/3d/ofEasyCam.cpp" />
		<Unit filename="../../../libs/openFrameworks/3d/ofEasyCam.h" />
		<Unit filename="../../../libs/openFrameworks/3d/ofMesh.cpp" />
		<Unit filename="../../../libs/openFrameworks/3d/ofMesh.h" />
		<Unit filename="../../../libs/openFrameworks/3d/ofNode.cpp" />
		<Unit filename="../../../libs/openFrameworks/3d/ofNode.h" />
		<Unit filename="../../../libs/openFrameworks/app/ofAppBaseWindow.h" />
		<Unit filename="../../../libs/openFrameworks/app/ofAppEGLWindow.cpp" />
		<Unit filename="../../../libs/openFrameworks/app/ofAppEGLWindow.h" />
		<Unit filename="../../../libs/openFrameworks/app/ofAppGLFWWindow.cpp" />
		<Unit filename="../../../libs/openFrameworks/app/ofAppGLFWWindow.h" />
		<Unit filename="../../../libs/openFrameworks/app/ofAppGlutWindow.cpp" />
		<Unit filename="../../../libs/openFrameworks/app/ofAppGlutWindow.h" />
		<Unit filename="../../../libs/openFrameworks/app/ofAppNoWindow.cpp" />
		<Unit filename="../../../libs/openFrameworks/app/ofAppNoWindow.h" />
		<Unit filename="../../../libs/openFrameworks/app/ofAppRunner.cpp" />
		<Unit filename="../../../libs/openFrameworks/app/ofAppRunner.h" />
		<Unit filename="../../../libs/openFrameworks/app/ofBaseApp.h" />
		<Unit filename="../../../libs/openFrameworks/app/ofIcon.h" />
		<Unit filename="../../../libs/openFrameworks/communication/ofArduino.cpp" />
		<Unit filename="../../../libs/openFrameworks/communication/ofArduino.h" />
		<Unit filename="../../../libs/openFrameworks/communication/ofSerial.cpp" />
		<Unit filename="../../../libs/openFrameworks/communication/ofSerial.h" />
		<Unit filename="../../../libs/openFrameworks/events/ofDelegate.h" />
		<Unit filename="../../../libs/openFrameworks/events/ofEventUtils.h" />
		<Unit filename="../../../libs/openFrameworks/events/ofEvents.cpp" />
		<Unit filename="../../../libs/openFrameworks/events/ofEvents.h" />
		<Unit filename="../../../libs/openFrameworks/gl/ofFbo.cpp" />
		<Unit filename="../../../libs/openFrameworks/gl/ofFbo.h" />
		<Unit filename="../../../libs/openFrameworks/gl/ofGLProgrammableRenderer.cpp" />
		<Unit filename="../../../libs/openFrameworks/gl/ofGLProgrammableRenderer.h" />
		<Unit filename="../../../libs/openFrameworks/gl/ofGLRenderer.cpp" />
		<Unit filename="../../../libs/openFrameworks/gl/ofGLRenderer.h" />
		<Unit filename="../../../libs/openFrameworks/gl/ofGLUtils.cpp" />
		<Unit filename="../../../libs/openFrameworks/gl/ofGLUtils.h" />
		<Unit filename="../../../libs/openFrameworks/gl/ofLight.cpp" />
		<Unit filename="../../../libs/openFrameworks/gl/ofLight.h" />
		<Unit filename="../../../libs/openFrameworks/gl/ofMaterial.cpp" />
		<Unit filename="../../../libs/openFrameworks/gl/ofMaterial.h" />
		<Unit filename="../../../libs/openFrameworks/gl/ofShader.cpp" />
		<Unit filename="../../../libs/openFrameworks/gl/ofShader.h" />
		<Unit filename="../../../libs/openFrameworks/gl/ofTexture.cpp" />
		<Unit filename="../../../libs/openFrameworks/gl/ofTexture.h" />
		<Unit filename="../../../libs/openFrameworks/gl/ofVbo.cpp" />
		<Unit filename="../../../libs/openFrameworks/gl/ofVbo.h" />
		<Unit filename="../../../libs/openFrameworks/gl/ofVboMesh.cpp" />
		<Unit filename="../../../libs/openFrameworks/gl/ofVboMesh.h" />
		<Unit filename="../../../libs/openFrameworks/graphics/of3dGraphics.cpp" />
		<Unit filename="../../../libs/openFrameworks/graphics/of3dGraphics.h" />
		<Unit filename="../../../libs/openFrameworks/graphics/ofBitmapFont.cpp" />
		<Unit filename="../../../libs/openFrameworks/graphics/ofBitmapFont.h" />
		<Unit filename="../../../libs/openFrameworks/graphics/ofCairoRenderer.cpp" />
		<Unit filename="../../../libs/openFrameworks/graphics/ofCairoRenderer.h" />
		<Unit filename="../../../libs/openFrameworks/graphics/ofGraphics.cpp" />
		<Unit filename="../../../libs/openFrameworks/graphics/ofGraphics.h" />
		<Unit filename="../../../libs/openFrameworks/graphics/ofImage.cpp" />
		<Unit filename="../../../libs/openFrameworks/graphics/ofImage.h" />
		<Unit filename="../../../libs/openFrameworks/graphics/ofPath.cpp" />
		<Unit filename="../../../libs/openFrameworks/graphics/ofPath.h" />
		<Unit filename="../../../libs/openFrameworks/graphics/ofPixels.cpp" />
		<Unit filename="../../../libs/openFrameworks/graphics/ofPixels.h" />
		<Unit filename="../../../libs/openFrameworks/graphics/ofPolyline.cpp" />
		<Unit filename="../../../libs/openFrameworks/graphics/ofPolyline.h" />
		<Unit filename="../../../libs/openFrameworks/graphics/ofRendererCollection.cpp" />
		<Unit filename="../../../libs/openFrameworks/graphics/ofRendererCollection.h" />
		<Unit filename="../../../libs/openFrameworks/graphics/ofTessellator.cpp" />
		<Unit filename="../../../libs/openFrameworks/graphics/ofTessellator.h" />
		<Unit filename="../../../libs/openFrameworks/graphics/ofTrueTypeFont.cpp" />
		<Unit filename="../../../libs/openFrameworks/graphics/ofTrueTypeFont.h" />
		<Unit filename="../../../libs/openFrameworks/math/ofMath.cpp" />
		<Unit filename="../../../libs/openFrameworks/math/ofMath.h" />
		<Unit filename="../../../libs/openFrameworks/math/ofMatrix3x3.cpp" />
		<Unit filename="../../../libs/openFrameworks/math/ofMatrix3x3.h" />
		<Unit filename="../../../libs/openFrameworks/math/ofMatrix4x4.cpp" />
		<Unit filename="../../../libs/openFrameworks/math/ofMatrix4x4.h" />
		<Unit filename="../../../libs/openFrameworks/math/ofQuaternion.cpp" />
		<Unit filename="../../../libs/openFrameworks/math/ofQuaternion.h" />
		<Unit filename="../../../libs/openFrameworks/math/ofVec2f.cpp" />
		<Unit filename="../../../libs/openFrameworks/math/ofVec2f.h" />
		<Unit filename="../../../libs/openFrameworks/math/ofVec3f.h" />
		<Unit filename="../../../libs/openFrameworks/math/ofVec4f.cpp" />
		<Unit filename="../../../libs/openFrameworks/math/ofVec4f.h" />
		<Unit filename="../../../libs/openFrameworks/math/ofVectorMath.h" />
		<Unit filename="../../../libs/openFrameworks/ofMain.h" />
		<Unit filename="../../../libs/openFrameworks/sound/ofBaseSoundPlayer.h" />
		<Unit filename="../../../libs/openFrameworks/sound/ofBaseSoundStream.h" />
		<Unit filename="../../../libs/openFrameworks/sound/ofFmodSoundPlayer.cpp" />
		<Unit filename="../../../libs/openFrameworks/sound/ofFmodSoundPlayer.h" />
		<Unit filename="../../../libs/openFrameworks/sound/ofOpenALSoundPlayer.cpp" />
		<Unit filename="../../../libs/openFrameworks/sound/ofOpenALSoundPlayer.h" />
		<Unit filename="../../../libs/openFrameworks/sound/ofPASoundStream.cpp" />
		<Unit filename="../../../libs/openFrameworks/sound/ofPASoundStream.h" />
		<Unit filename="../../../libs/openFrameworks/sound/ofRtAudioSoundStream.cpp" />
		<Unit filename="../../../libs/openFrameworks/sound/ofRtAudioSoundStream.h" />
		<Unit filename="../../../libs/openFrameworks/sound/ofSoundPlayer.cpp" />
		<Unit filename="../../../libs/openFrameworks/sound/ofSoundPlayer.h" />
		<Unit filename="../../../libs/openFrameworks/sound/ofSoundStream.cpp" />
		<Unit filename="../../../libs/openFrameworks/sound/ofSoundStream.h" />
		<Unit filename="../../../libs/openFrameworks/types/ofBaseTypes.cpp" />
		<Unit filename="../../../libs/openFrameworks/types/ofBaseTypes.h" />
		<Unit filename="../../../libs/openFrameworks/types/ofColor.cpp" />
		<Unit filename="../../../libs/openFrameworks/types/ofColor.h" />
		<Unit filename="../../../libs/openFrameworks/types/ofParameter.cpp" />
		<Unit filename="../../../libs/openFrameworks/types/ofParameter.h" />
		<Unit filename="../../../libs/openFrameworks/types/ofParameterGroup.cpp" />
		<Unit filename="../../../libs/openFrameworks/types/ofParameterGroup.h" />
		<Unit filename="../../../libs/openFrameworks/types/ofPoint.h" />
		<Unit filename="../../../libs/openFrameworks/types/ofRectangle.cpp" />
		<Unit filename="../../../libs/openFrameworks/types/ofRectangle.h" />
		<Unit filename="../../../libs/openFrameworks/types/ofTypes.h" />
		<Unit filename="../../../libs/openFrameworks/utils/ofConstants.h" />
		<Unit filename="../../../libs/openFrameworks/utils/ofFileUtils.cpp" />
		<Unit filename="../../../libs/openFrameworks/utils/ofFileUtils.h" />
		<Unit filename="../../../libs/openFrameworks/utils/ofLog.cpp" />
		<Unit filename="../../../libs/openFrameworks/utils/ofLog.h" />
		<Unit filename="../../../libs/openFrameworks/utils/ofMatrixStack.cpp" />
		<Unit filename="../../../libs/openFrameworks/utils/ofMatrixStack.h" />
		<Unit filename="../../../libs/openFrameworks/utils/ofNoise.h" />
		<Unit filename="../../../libs/openFrameworks/utils/ofSystemUtils.cpp" />
		<Unit filename="../../../libs/openFrameworks/utils/ofSystemUtils.h" />
		<Unit filename="../../../libs/openFrameworks/utils/ofThread.cpp" />
		<Unit filename="../../../libs/openFrameworks/utils/ofThread.h" />
		<Unit filename="../../../libs/openFrameworks/utils/ofURLFileLoader.cpp" />
		<Unit filename="../../../libs/openFrameworks/utils/ofURLFileLoader.h" />
		<Unit filename="../../../libs/openFrameworks/utils/ofUtils.cpp" />
		<Unit filename="../../../libs/openFrameworks/utils/ofUtils.h" />
		<Unit filename="../../../libs/openFrameworks/utils/ofXml.cpp" />
		<Unit filename="../../../libs/openFrameworks/utils/ofXml.h" />
		<Unit filename="../../../libs/openFrameworks/video/ofDirectShowGrabber.cpp" />
		<Unit filename="../../../libs/openFrameworks/video/ofDirectShowGrabber.h" />
		<Unit filename="../../../libs/openFrameworks/video/ofGstUtils.cpp" />
		<Unit filename="../../../libs/openFrameworks/video/ofGstUtils.h" />
		<Unit filename="../../../libs/openFrameworks/video/ofGstVideoGrabber.cpp" />
		<Unit filename="../../../libs/openFrameworks/video/ofGstVideoGrabber.h" />
		<Unit filename="../../../libs/openFrameworks/video/ofGstVideoPlayer.cpp" />
		<Unit filename="../../../libs/openFrameworks/video/ofGstVideoPlayer.h" />
		<Unit filename="../../../libs/openFrameworks/video/ofQTKitGrabber.h" />
		<Unit filename="../../../libs/openFrameworks/video/ofQTKitMovieRenderer.h" />
		<Unit filename="../../../libs/openFrameworks/video/ofQTKitPlayer.h" />
		<Unit filename="../../../libs/openFrameworks/video/ofQtUtils.cpp" />
		<Unit filename="../../../libs/openFrameworks/video/ofQtUtils.h" />
		<Unit filename="../../../libs/openFrameworks/video/ofQuickTimeGrabber.cpp" />
		<Unit filename="../../../libs/openFrameworks/video/ofQuickTimeGrabber.h" />
		<Unit filename="../../../libs/openFrameworks/video/ofQuickTimePlayer.cpp" />
		<Unit filename="../../../libs/openFrameworks/video/ofQuickTimePlayer.h" />
		<Unit filename="../../../libs/openFrameworks/video/ofVideoGrabber.cpp" />
		<Unit filename="../../../libs/openFrameworks/video/ofVideoGrabber.h" />
		<Unit filename="../../../libs/openFrameworks/video/ofVideoPlayer.cpp" />
		<Unit filename="../../../libs/openFrameworks/video/ofVideoPlayer.h" />
		<Unit filename="../../ofxOsc/libs/oscpack/src/ip/IpEndpointName.cpp" />
		<Unit filename="../../ofxOsc/libs/oscpack/src/ip/IpEndpointName.h" />
		<Unit filename="../../ofxOsc/libs/oscpack/src/ip/NetworkingUtils.h" />
		<Unit filename="../../ofxOsc/libs/oscpack/src/ip/PacketListener.h" />
		<Unit filename="../../ofxOsc/libs/oscpack/src/ip/TimerListener.h" />
		<Unit filename="../../ofxOsc/libs/oscpack/src/ip/UdpSocket.h" />
		<Unit filename="../../ofxOsc/libs/oscpack/src/ip/posix/NetworkingUtils.cpp" />
		<Unit filename="../../ofxOsc/libs/oscpack/src/ip/posix/UdpSocket.cpp" />
		<Unit filename="../../ofxOsc/libs/oscpack/src/ip/win32/NetworkingUtilsWin.cpp" />
		<Unit filename="../../ofxOsc/libs/oscpack/src/ip/win32/UdpSocketWin.cpp" />
		<Unit filename="../../ofxOsc/libs/oscpack/src/osc/MessageMappingOscPacketListener.h" />
		<Unit filename="../../ofxOsc/libs/oscpack/src/osc/OscException.h" />
		<Unit filename="../../ofxOsc/libs/oscpack/src/osc/OscHostEndianness.h" />
		<Unit filename="../../ofxOsc/libs/oscpack/src/osc/OscOutboundPacketStream.cpp" />
		<Unit filename="../../ofxOsc/libs/oscpack/src/osc/OscOutboundPacketStream.h" />
		<Unit filename="../../ofxOsc/libs/oscpack/src/osc/OscPacketListener.h" />
		<Unit filename="../../ofxOsc/libs/oscpack/src/osc/OscPrintReceivedElements.cpp" />
		<Unit filename="../../ofxOsc/libs/oscpack/src/osc/OscPrintReceivedElements.h" />
		<Unit filename="../../ofxOsc/libs/oscpack/src/osc/OscReceivedElements.cpp" />
		<Unit filename="../../ofxOsc/libs/oscpack/src/osc/OscReceivedElements.h" />
		<Unit filename="../../ofxOsc/libs/oscpack/src/osc/OscTypes.cpp" />
		<Unit filename="../../ofxOsc/libs/oscpack/src/osc/OscTypes.h" />
		<Unit filename="../../ofxOsc/src/ofxOsc.h" />
		<Unit filename="../../ofxOsc/src/ofxOscArg.h" />
		<Unit filename="../../ofxOsc/src/ofxOscBundle.cpp" />
		<Unit filename="../../ofxOsc/src/ofxOscBundle.h" />
		<Unit filename="../../ofxOsc/src/ofxOscMessage.cpp" />
		<Unit filename="../../ofxOsc/src/ofxOscMessage.h" />
		<Unit filename="../../ofxOsc/src/ofxOscParameterSync.cpp" />
		<Unit filename="../../ofxOsc/src/ofxOscParameterSync.h" />
		<Unit filename="../../ofxOsc/src/ofxOscReceiver.cpp" />
		<Unit filename="../../ofxOsc/src/ofxOscReceiver.h" />
		<Unit filename="../../ofxOsc/src/ofxOscSender.cpp" />
		<Unit filename="../../ofxOsc/src/ofxOscSender.h" />
		<Unit filename="../../ofxUI/src/ofxUI.h" />
		<Unit filename="../../ofxUI/src/ofxUI2DGraph.cpp" />
		<Unit filename="../../ofxUI/src/ofxUI2DGraph.h" />
		<Unit filename="../../ofxUI/src/ofxUI2DPad.cpp" />
		<Unit filename="../../ofxUI/src/ofxUI2DPad.h" />
		<Unit filename="../../ofxUI/src/ofxUIBaseDraws.cpp" />
		<Unit filename="../../ofxUI/src/ofxUIBaseDraws.h" />
		<Unit filename="../../ofxUI/src/ofxUIBiLabelSlider.cpp" />
		<Unit filename="../../ofxUI/src/ofxUIBiLabelSlider.h" />
		<Unit filename="../../ofxUI/src/ofxUIButton.cpp" />
		<Unit filename="../../ofxUI/src/ofxUIButton.h" />
		<Unit filename="../../ofxUI/src/ofxUICanvas.cpp" />
		<Unit filename="../../ofxUI/src/ofxUICanvas.h" />
		<Unit filename="../../ofxUI/src/ofxUICircleSlider.cpp" />
		<Unit filename="../../ofxUI/src/ofxUICircleSlider.h" />
		<Unit filename="../../ofxUI/src/ofxUIDefines.h" />
		<Unit filename="../../ofxUI/src/ofxUIDragableLabelButton.cpp" />
		<Unit filename="../../ofxUI/src/ofxUIDragableLabelButton.h" />
		<Unit filename="../../ofxUI/src/ofxUIDropDownList.cpp" />
		<Unit filename="../../ofxUI/src/ofxUIDropDownList.h" />
		<Unit filename="../../ofxUI/src/ofxUIEventArgs.cpp" />
		<Unit filename="../../ofxUI/src/ofxUIEventArgs.h" />
		<Unit filename="../../ofxUI/src/ofxUIFPS.cpp" />
		<Unit filename="../../ofxUI/src/ofxUIFPS.h" />
		<Unit filename="../../ofxUI/src/ofxUIFPSSlider.cpp" />
		<Unit filename="../../ofxUI/src/ofxUIFPSSlider.h" />
		<Unit filename="../../ofxUI/src/ofxUIImage.cpp" />
		<Unit filename="../../ofxUI/src/ofxUIImage.h" />
		<Unit filename="../../ofxUI/src/ofxUIImageButton.cpp" />
		<Unit filename="../../ofxUI/src/ofxUIImageButton.h" />
		<Unit filename="../../ofxUI/src/ofxUIImageSampler.cpp" />
		<Unit filename="../../ofxUI/src/ofxUIImageSampler.h" />
		<Unit filename="../../ofxUI/src/ofxUIImageSlider.cpp" />
		<Unit filename="../../ofxUI/src/ofxUIImageSlider.h" />
		<Unit filename="../../ofxUI/src/ofxUIImageToggle.cpp" />
		<Unit filename="../../ofxUI/src/ofxUIImageToggle.h" />
		<Unit filename="../../ofxUI/src/ofxUILabel.cpp" />
		<Unit filename="../../ofxUI/src/ofxUILabel.h" />
		<Unit filename="../../ofxUI/src/ofxUILabelButton.cpp" />
		<Unit filename="../../ofxUI/src/ofxUILabelButton.h" />
		<Unit filename="../../ofxUI/src/ofxUILabelToggle.cpp" />
		<Unit filename="../../ofxUI/src/ofxUILabelToggle.h" />
		<Unit filename="../../ofxUI/src/ofxUIMinimalSlider.cpp" />
		<Unit filename="../../ofxUI/src/ofxUIMinimalSlider.h" />
		<Unit filename="../../ofxUI/src/ofxUIMovingGraph.cpp" />
		<Unit filename="../../ofxUI/src/ofxUIMovingGraph.h" />
		<Unit filename="../../ofxUI/src/ofxUIMultiImageButton.cpp" />
		<Unit filename="../../ofxUI/src/ofxUIMultiImageButton.h" />
		<Unit filename="../../ofxUI/src/ofxUIMultiImageToggle.cpp" />
		<Unit filename="../../ofxUI/src/ofxUIMultiImageToggle.h" />
		<Unit filename="../../ofxUI/src/ofxUINumberDialer.cpp" />
		<Unit filename="../../ofxUI/src/ofxUINumberDialer.h" />
		<Unit filename="../../ofxUI/src/ofxUIOFWrapper.h" />
		<Unit filename="../../ofxUI/src/ofxUIRadio.cpp" />
		<Unit filename="../../ofxUI/src/ofxUIRadio.h" />
		<Unit filename="../../ofxUI/src/ofxUIRangeSlider.cpp" />
		<Unit filename="../../ofxUI/src/ofxUIRangeSlider.h" />
		<Unit filename="../../ofxUI/src/ofxUIRectangle.cpp" />
		<Unit filename="../../ofxUI/src/ofxUIRectangle.h" />
		<Unit filename="../../ofxUI/src/ofxUIRotarySlider.cpp" />
		<Unit filename="../../ofxUI/src/ofxUIRotarySlider.h" />
		<Unit filename="../../ofxUI/src/ofxUIScrollableCanvas.cpp" />
		<Unit filename="../../ofxUI/src/ofxUIScrollableCanvas.h" />
		<Unit filename="../../ofxUI/src/ofxUISlider.cpp" />
		<Unit filename="../../ofxUI/src/ofxUISlider.h" />
		<Unit filename="../../ofxUI/src/ofxUISortableList.cpp" />
		<Unit filename="../../ofxUI/src/ofxUISortableList.h" />
		<Unit filename="../../ofxUI/src/ofxUISpacer.cpp" />
		<Unit filename="../../ofxUI/src/ofxUISpacer.h" />
		<Unit filename="../../ofxUI/src/ofxUISpectrum.cpp" />
		<Unit filename="../../ofxUI/src/ofxUISpectrum.h" />
		<Unit filename="../../ofxUI/src/ofxUISuperCanvas.cpp" />
		<Unit filename="../../ofxUI/src/ofxUISuperCanvas.h" />
		<Unit filename="../../ofxUI/src/ofxUITabBar.cpp" />
		<Unit filename="../../ofxUI/src/ofxUITabBar.h" />
		<Unit filename="../../ofxUI/src/ofxUITextArea.cpp" />
		<Unit filename="../../ofxUI/src/ofxUITextArea.h" />
		<Unit filename="../../ofxUI/src/ofxUITextInput.cpp" />
		<Unit filename="../../ofxUI/src/ofxUITextInput.h" />
		<Unit filename="../../ofxUI/src/ofxUIToggle.cpp" />
		<Unit filename="../../ofxUI/src/ofxUIToggle.h" />
		<Unit filename="../../ofxUI/src/ofxUIToggleMatrix.cpp" />
		<Unit filename="../../ofxUI/src/ofxUIToggleMatrix.h" />
		<Unit filename="../../ofxUI/src/ofxUIUtils.h" />
		<Unit filename="../../ofxUI/src/ofxUIValuePlotter.cpp" />
		<Unit filename="../../ofxUI/src/ofxUIValuePlotter.h" />
		<Unit filename="../../ofxUI/src/ofxUIWaveform.cpp" />
		<Unit filename="../../ofxUI/src/ofxUIWaveform.h" />
		<Unit filename="../../ofxUI/src/ofxUIWidget.cpp" />
		<Unit filename="../../ofxUI/src/ofxUIWidget.h" />
		<Unit filename="../../ofxUI/src/ofxUIWidgetWithLabel.cpp" />
		<Unit filename="../../ofxUI/src/ofxUIWidgetWithLabel.h" />
		<Unit filename="../../ofxUI/src/ofxUIWidgets.h" />
		<Unit filename="../../ofxUI/src/ofxUIWrapper.h" />
		<Unit filename="config.make">
			<Option virtualFolder="build config" />
		</Unit>
		<Unit filename="src/main.cpp">
			<Option virtualFolder="src/" />
		</Unit>
		<Unit filename="src/testApp.cpp">
			<Option virtualFolder="src/" />
		</Unit>
		<Unit filename="src/testApp.h">
			<Option virtualFolder="src/" />
		</Unit>
		<Extensions>
			<code_completion />
			<envvars />
			<debugger />
		</Extensions>
	</Project>
</CodeBlocks_project_file>
